
Microsoft Visual Studio Solution File, Format Version 12.00
# Visual Studio Version 16
VisualStudioVersion = 16.0.29230.47
MinimumVisualStudioVersion = 10.0.40219.1
Project("{9A19103F-16F7-4668-BE54-9A1E7A4F7556}") = "WriteAsyncCode", "WriteAsyncCode.csproj", "{3BC0ECC6-B454-47A9-8C1F-EB04FB7C1133}"
EndProject
Global
	GlobalSection(SolutionConfigurationPlatforms) = preSolution
		Debug|Any CPU = Debug|Any CPU
		Release|Any CPU = Release|Any CPU
	EndGlobalSection
	GlobalSection(ProjectConfigurationPlatforms) = postSolution
		{3BC0ECC6-B454-47A9-8C1F-EB04FB7C1133}.Debug|Any CPU.ActiveCfg = Debug|Any CPU
		{3BC0ECC6-B454-47A9-8C1F-EB04FB7C1133}.Debug|Any CPU.Build.0 = Debug|Any CPU
		{3BC0ECC6-B454-47A9-8C1F-EB04FB7C1133}.Release|Any CPU.ActiveCfg = Release|Any CPU
		{3BC0ECC6-B454-47A9-8C1F-EB04FB7C1133}.Release|Any CPU.Build.0 = Release|Any CPU
	EndGlobalSection
	GlobalSection(SolutionProperties) = preSolution
		HideSolutionNode = FALSE
	EndGlobalSection
	GlobalSection(ExtensibilityGlobals) = postSolution
		SolutionGuid = {3F6C032A-2C82-4416-B52E-95A8DC484FB6}
	EndGlobalSection
EndGlobal
